
Microsoft Visual Studio Solution File, Format Version 12.00
# Visual Studio 2015
Project("{FAE04EC0-301F-11D3-BF4B-00C04F79EFBC}") = "CarTest3.CSharp.Plugins", "CarTest3.CSharp.Plugins.csproj", "{29DB1DA8-6CBA-0CD3-DB52-9E7887F71FFD}"
EndProject
Project("{FAE04EC0-301F-11D3-BF4B-00C04F79EFBC}") = "CarTest3.CSharp", "CarTest3.CSharp.csproj", "{C71BD83D-DD53-729E-A711-E6EC5C1317FE}"
EndProject
Project("{FAE04EC0-301F-11D3-BF4B-00C04F79EFBC}") = "CarTest3.CSharp.Editor", "CarTest3.CSharp.Editor.csproj", "{330BD4EE-0936-D0B2-88E8-27836DAECA93}"
EndProject
Global
	GlobalSection(SolutionConfigurationPlatforms) = preSolution
		Debug|Any CPU = Debug|Any CPU
		Release|Any CPU = Release|Any CPU
	EndGlobalSection
	GlobalSection(ProjectConfigurationPlatforms) = postSolution
		{29DB1DA8-6CBA-0CD3-DB52-9E7887F71FFD}.Debug|Any CPU.ActiveCfg = Debug|Any CPU
		{29DB1DA8-6CBA-0CD3-DB52-9E7887F71FFD}.Debug|Any CPU.Build.0 = Debug|Any CPU
		{29DB1DA8-6CBA-0CD3-DB52-9E7887F71FFD}.Release|Any CPU.ActiveCfg = Release|Any CPU
		{29DB1DA8-6CBA-0CD3-DB52-9E7887F71FFD}.Release|Any CPU.Build.0 = Release|Any CPU
		{C71BD83D-DD53-729E-A711-E6EC5C1317FE}.Debug|Any CPU.ActiveCfg = Debug|Any CPU
		{C71BD83D-DD53-729E-A711-E6EC5C1317FE}.Debug|Any CPU.Build.0 = Debug|Any CPU
		{C71BD83D-DD53-729E-A711-E6EC5C1317FE}.Release|Any CPU.ActiveCfg = Release|Any CPU
		{C71BD83D-DD53-729E-A711-E6EC5C1317FE}.Release|Any CPU.Build.0 = Release|Any CPU
		{330BD4EE-0936-D0B2-88E8-27836DAECA93}.Debug|Any CPU.ActiveCfg = Debug|Any CPU
		{330BD4EE-0936-D0B2-88E8-27836DAECA93}.Debug|Any CPU.Build.0 = Debug|Any CPU
		{330BD4EE-0936-D0B2-88E8-27836DAECA93}.Release|Any CPU.ActiveCfg = Release|Any CPU
		{330BD4EE-0936-D0B2-88E8-27836DAECA93}.Release|Any CPU.Build.0 = Release|Any CPU
	EndGlobalSection
	GlobalSection(SolutionProperties) = preSolution
		HideSolutionNode = FALSE
	EndGlobalSection
EndGlobal
