Microsoft Visual Studio Solution File, Format Version 11.00
# Visual Studio 2008

Project("{90840526-394F-7A20-1A8D-518F57AEE891}") = "CarTest3", "Assembly-CSharp-firstpass.csproj", "{529A73E8-3CBD-50D4-EBCA-CA4698DE7282}"
EndProject
Project("{90840526-394F-7A20-1A8D-518F57AEE891}") = "CarTest3", "Assembly-CSharp.csproj", "{893DD6AA-A30E-C917-0005-495A4136099F}"
EndProject
Project("{90840526-394F-7A20-1A8D-518F57AEE891}") = "CarTest3", "Assembly-CSharp-Editor.csproj", "{8C56EA5A-9712-BBBE-7677-8B70F7847CAA}"
EndProject
Global
	GlobalSection(SolutionConfigurationPlatforms) = preSolution
		Debug|Any CPU = Debug|Any CPU
		Release|Any CPU = Release|Any CPU
	EndGlobalSection
	GlobalSection(ProjectConfigurationPlatforms) = postSolution
		{529A73E8-3CBD-50D4-EBCA-CA4698DE7282}.Debug|Any CPU.ActiveCfg = Debug|Any CPU
		{529A73E8-3CBD-50D4-EBCA-CA4698DE7282}.Debug|Any CPU.Build.0 = Debug|Any CPU
		{529A73E8-3CBD-50D4-EBCA-CA4698DE7282}.Release|Any CPU.ActiveCfg = Release|Any CPU
		{529A73E8-3CBD-50D4-EBCA-CA4698DE7282}.Release|Any CPU.Build.0 = Release|Any CPU
		{893DD6AA-A30E-C917-0005-495A4136099F}.Debug|Any CPU.ActiveCfg = Debug|Any CPU
		{893DD6AA-A30E-C917-0005-495A4136099F}.Debug|Any CPU.Build.0 = Debug|Any CPU
		{893DD6AA-A30E-C917-0005-495A4136099F}.Release|Any CPU.ActiveCfg = Release|Any CPU
		{893DD6AA-A30E-C917-0005-495A4136099F}.Release|Any CPU.Build.0 = Release|Any CPU
		{8C56EA5A-9712-BBBE-7677-8B70F7847CAA}.Debug|Any CPU.ActiveCfg = Debug|Any CPU
		{8C56EA5A-9712-BBBE-7677-8B70F7847CAA}.Debug|Any CPU.Build.0 = Debug|Any CPU
		{8C56EA5A-9712-BBBE-7677-8B70F7847CAA}.Release|Any CPU.ActiveCfg = Release|Any CPU
		{8C56EA5A-9712-BBBE-7677-8B70F7847CAA}.Release|Any CPU.Build.0 = Release|Any CPU
	EndGlobalSection
	GlobalSection(SolutionProperties) = preSolution
		HideSolutionNode = FALSE
	EndGlobalSection
	GlobalSection(MonoDevelopProperties) = preSolution
		StartupItem = Assembly-CSharp.csproj
	EndGlobalSection
EndGlobal
